
Microsoft Visual Studio Solution File, Format Version 12.00
# Visual Studio Version 17
VisualStudioVersion = 17.14.37314.3 d17.14
MinimumVisualStudioVersion = 10.0.40219.1
Project("{FAE04EC0-301F-11D3-BF4B-00C04F79EFBC}") = "Farand_Tablet_Chart", "Farand_Tablet_Chart\Farand_Tablet_Chart.csproj", "{5F89C97C-8C49-46EA-885A-C4DC8B224E2E}"
EndProject
Project("{FAE04EC0-301F-11D3-BF4B-00C04F79EFBC}") = "Test_App", "Test_App\Test_App.csproj", "{09AED4DB-5578-4F2B-9B4D-392F5CE6C2CD}"
EndProject
Global
	GlobalSection(SolutionConfigurationPlatforms) = preSolution
		Debug|Any CPU = Debug|Any CPU
		Release|Any CPU = Release|Any CPU
	EndGlobalSection
	GlobalSection(ProjectConfigurationPlatforms) = postSolution
		{5F89C97C-8C49-46EA-885A-C4DC8B224E2E}.Debug|Any CPU.ActiveCfg = Debug|Any CPU
		{5F89C97C-8C49-46EA-885A-C4DC8B224E2E}.Debug|Any CPU.Build.0 = Debug|Any CPU
		{5F89C97C-8C49-46EA-885A-C4DC8B224E2E}.Release|Any CPU.ActiveCfg = Release|Any CPU
		{5F89C97C-8C49-46EA-885A-C4DC8B224E2E}.Release|Any CPU.Build.0 = Release|Any CPU
		{09AED4DB-5578-4F2B-9B4D-392F5CE6C2CD}.Debug|Any CPU.ActiveCfg = Debug|Any CPU
		{09AED4DB-5578-4F2B-9B4D-392F5CE6C2CD}.Debug|Any CPU.Build.0 = Debug|Any CPU
		{09AED4DB-5578-4F2B-9B4D-392F5CE6C2CD}.Release|Any CPU.ActiveCfg = Release|Any CPU
		{09AED4DB-5578-4F2B-9B4D-392F5CE6C2CD}.Release|Any CPU.Build.0 = Release|Any CPU
	EndGlobalSection
	GlobalSection(SolutionProperties) = preSolution
		HideSolutionNode = FALSE
	EndGlobalSection
	GlobalSection(ExtensibilityGlobals) = postSolution
		SolutionGuid = {8CA819F9-6D16-4AF7-9EFD-24091BDA687E}
	EndGlobalSection
EndGlobal
